
Microsoft Visual Studio Solution File, Format Version 12.00
# Visual Studio Version 17
VisualStudioVersion = 17.6.33717.318
MinimumVisualStudioVersion = 10.0.40219.1
Project("{8BC9CEB8-8B4A-11D0-8D11-00A0C91BC942}") = "Sockets", "Sockets\Sockets.vcxproj", "{BDD96ED0-1E94-43DE-A06F-84650CFB6E7D}"
EndProject
Project("{8BC9CEB8-8B4A-11D0-8D11-00A0C91BC942}") = "Client", "Client\Client.vcxproj", "{5A445738-FB72-48D9-B939-DE39E15B94DA}"
EndProject
Global
	GlobalSection(SolutionConfigurationPlatforms) = preSolution
		Debug|x64 = Debug|x64
		Debug|x86 = Debug|x86
		Release|x64 = Release|x64
		Release|x86 = Release|x86
	EndGlobalSection
	GlobalSection(ProjectConfigurationPlatforms) = postSolution
		{BDD96ED0-1E94-43DE-A06F-84650CFB6E7D}.Debug|x64.ActiveCfg = Debug|x64
		{BDD96ED0-1E94-43DE-A06F-84650CFB6E7D}.Debug|x64.Build.0 = Debug|x64
		{BDD96ED0-1E94-43DE-A06F-84650CFB6E7D}.Debug|x86.ActiveCfg = Debug|Win32
		{BDD96ED0-1E94-43DE-A06F-84650CFB6E7D}.Debug|x86.Build.0 = Debug|Win32
		{BDD96ED0-1E94-43DE-A06F-84650CFB6E7D}.Release|x64.ActiveCfg = Release|x64
		{BDD96ED0-1E94-43DE-A06F-84650CFB6E7D}.Release|x64.Build.0 = Release|x64
		{BDD96ED0-1E94-43DE-A06F-84650CFB6E7D}.Release|x86.ActiveCfg = Release|Win32
		{BDD96ED0-1E94-43DE-A06F-84650CFB6E7D}.Release|x86.Build.0 = Release|Win32
		{5A445738-FB72-48D9-B939-DE39E15B94DA}.Debug|x64.ActiveCfg = Debug|x64
		{5A445738-FB72-48D9-B939-DE39E15B94DA}.Debug|x64.Build.0 = Debug|x64
		{5A445738-FB72-48D9-B939-DE39E15B94DA}.Debug|x86.ActiveCfg = Debug|Win32
		{5A445738-FB72-48D9-B939-DE39E15B94DA}.Debug|x86.Build.0 = Debug|Win32
		{5A445738-FB72-48D9-B939-DE39E15B94DA}.Release|x64.ActiveCfg = Release|x64
		{5A445738-FB72-48D9-B939-DE39E15B94DA}.Release|x64.Build.0 = Release|x64
		{5A445738-FB72-48D9-B939-DE39E15B94DA}.Release|x86.ActiveCfg = Release|Win32
		{5A445738-FB72-48D9-B939-DE39E15B94DA}.Release|x86.Build.0 = Release|Win32
	EndGlobalSection
	GlobalSection(SolutionProperties) = preSolution
		HideSolutionNode = FALSE
	EndGlobalSection
	GlobalSection(ExtensibilityGlobals) = postSolution
		SolutionGuid = {79ECF8FF-F05A-44FD-99E2-BBA3D6D22976}
	EndGlobalSection
EndGlobal
